// !$*UTF8*$!
{
	archiveVersion = 1;
	classes = {
	};
	objectVersion = 56;
	objects = {

/* Begin PBXBuildFile section */
		314A3E422C2721900066BEFC /* sar360App.swift in Sources */ = {isa = PBXBuildFile; fileRef = 314A3E412C2721900066BEFC /* sar360App.swift */; };
		314A3E442C2721900066BEFC /* ContentView.swift in Sources */ = {isa = PBXBuildFile; fileRef = 314A3E432C2721900066BEFC /* ContentView.swift */; };
		314A3E462C2721910066BEFC /* Assets.xcassets in Resources */ = {isa = PBXBuildFile; fileRef = 314A3E452C2721910066BEFC /* Assets.xcassets */; };
		314A3E492C2721910066BEFC /* Preview Assets.xcassets in Resources */ = {isa = PBXBuildFile; fileRef = 314A3E482C2721910066BEFC /* Preview Assets.xcassets */; };
		314A3E532C2721910066BEFC /* sar360Tests.swift in Sources */ = {isa = PBXBuildFile; fileRef = 314A3E522C2721910066BEFC /* sar360Tests.swift */; };
		314A3E5D2C2721920066BEFC /* sar360UITests.swift in Sources */ = {isa = PBXBuildFile; fileRef = 314A3E5C2C2721920066BEFC /* sar360UITests.swift */; };
		314A3E5F2C2721920066BEFC /* sar360UITestsLaunchTests.swift in Sources */ = {isa = PBXBuildFile; fileRef = 314A3E5E2C2721920066BEFC /* sar360UITestsLaunchTests.swift */; };
		314A3E6C2C2734890066BEFC /* LoginView.swift in Sources */ = {isa = PBXBuildFile; fileRef = 314A3E6B2C2734890066BEFC /* LoginView.swift */; };
		314A3E6E2C2734AA0066BEFC /* CreateAccountView.swift in Sources */ = {isa = PBXBuildFile; fileRef = 314A3E6D2C2734AA0066BEFC /* CreateAccountView.swift */; };
		314A3E702C2737870066BEFC /* HomeView.swift in Sources */ = {isa = PBXBuildFile; fileRef = 314A3E6F2C2737870066BEFC /* HomeView.swift */; };
		314A3E722C2BA97A0066BEFC /* WelcomeJoinTeamView.swift in Sources */ = {isa = PBXBuildFile; fileRef = 314A3E712C2BA97A0066BEFC /* WelcomeJoinTeamView.swift */; };
		314A3E742C2D02E40066BEFC /* TrainingArchiveView.swift in Sources */ = {isa = PBXBuildFile; fileRef = 314A3E732C2D02E30066BEFC /* TrainingArchiveView.swift */; };
		314A3E762C2D02F30066BEFC /* RecordTrainingView.swift in Sources */ = {isa = PBXBuildFile; fileRef = 314A3E752C2D02F30066BEFC /* RecordTrainingView.swift */; };
		314A3E782C2D09C20066BEFC /* SettingsView.swift in Sources */ = {isa = PBXBuildFile; fileRef = 314A3E772C2D09C20066BEFC /* SettingsView.swift */; };
/* End PBXBuildFile section */

/* Begin PBXContainerItemProxy section */
		314A3E4F2C2721910066BEFC /* PBXContainerItemProxy */ = {
			isa = PBXContainerItemProxy;
			containerPortal = 314A3E362C2721900066BEFC /* Project object */;
			proxyType = 1;
			remoteGlobalIDString = 314A3E3D2C2721900066BEFC;
			remoteInfo = sar360;
		};
		314A3E592C2721920066BEFC /* PBXContainerItemProxy */ = {
			isa = PBXContainerItemProxy;
			containerPortal = 314A3E362C2721900066BEFC /* Project object */;
			proxyType = 1;
			remoteGlobalIDString = 314A3E3D2C2721900066BEFC;
			remoteInfo = sar360;
		};
/* End PBXContainerItemProxy section */

/* Begin PBXFileReference section */
		314A3E3E2C2721900066BEFC /* sar360.app */ = {isa = PBXFileReference; explicitFileType = wrapper.application; includeInIndex = 0; path = sar360.app; sourceTree = BUILT_PRODUCTS_DIR; };
		314A3E412C2721900066BEFC /* sar360App.swift */ = {isa = PBXFileReference; lastKnownFileType = sourcecode.swift; path = sar360App.swift; sourceTree = "<group>"; };
		314A3E432C2721900066BEFC /* ContentView.swift */ = {isa = PBXFileReference; lastKnownFileType = sourcecode.swift; path = ContentView.swift; sourceTree = "<group>"; };
		314A3E452C2721910066BEFC /* Assets.xcassets */ = {isa = PBXFileReference; lastKnownFileType = folder.assetcatalog; path = Assets.xcassets; sourceTree = "<group>"; };
		314A3E482C2721910066BEFC /* Preview Assets.xcassets */ = {isa = PBXFileReference; lastKnownFileType = folder.assetcatalog; path = "Preview Assets.xcassets"; sourceTree = "<group>"; };
		314A3E4E2C2721910066BEFC /* sar360Tests.xctest */ = {isa = PBXFileReference; explicitFileType = wrapper.cfbundle; includeInIndex = 0; path = sar360Tests.xctest; sourceTree = BUILT_PRODUCTS_DIR; };
		314A3E522C2721910066BEFC /* sar360Tests.swift */ = {isa = PBXFileReference; lastKnownFileType = sourcecode.swift; path = sar360Tests.swift; sourceTree = "<group>"; };
		314A3E582C2721920066BEFC /* sar360UITests.xctest */ = {isa = PBXFileReference; explicitFileType = wrapper.cfbundle; includeInIndex = 0; path = sar360UITests.xctest; sourceTree = BUILT_PRODUCTS_DIR; };
		314A3E5C2C2721920066BEFC /* sar360UITests.swift */ = {isa = PBXFileReference; lastKnownFileType = sourcecode.swift; path = sar360UITests.swift; sourceTree = "<group>"; };
		314A3E5E2C2721920066BEFC /* sar360UITestsLaunchTests.swift */ = {isa = PBXFileReference; lastKnownFileType = sourcecode.swift; path = sar360UITestsLaunchTests.swift; sourceTree = "<group>"; };
		314A3E6B2C2734890066BEFC /* LoginView.swift */ = {isa = PBXFileReference; lastKnownFileType = sourcecode.swift; path = LoginView.swift; sourceTree = "<group>"; };
		314A3E6D2C2734AA0066BEFC /* CreateAccountView.swift */ = {isa = PBXFileReference; lastKnownFileType = sourcecode.swift; path = CreateAccountView.swift; sourceTree = "<group>"; };
		314A3E6F2C2737870066BEFC /* HomeView.swift */ = {isa = PBXFileReference; lastKnownFileType = sourcecode.swift; path = HomeView.swift; sourceTree = "<group>"; };
		314A3E712C2BA97A0066BEFC /* WelcomeJoinTeamView.swift */ = {isa = PBXFileReference; lastKnownFileType = sourcecode.swift; path = WelcomeJoinTeamView.swift; sourceTree = "<group>"; };
		314A3E732C2D02E30066BEFC /* TrainingArchiveView.swift */ = {isa = PBXFileReference; lastKnownFileType = sourcecode.swift; path = TrainingArchiveView.swift; sourceTree = "<group>"; };
		314A3E752C2D02F30066BEFC /* RecordTrainingView.swift */ = {isa = PBXFileReference; lastKnownFileType = sourcecode.swift; path = RecordTrainingView.swift; sourceTree = "<group>"; };
		314A3E772C2D09C20066BEFC /* SettingsView.swift */ = {isa = PBXFileReference; lastKnownFileType = sourcecode.swift; path = SettingsView.swift; sourceTree = "<group>"; };
/* End PBXFileReference section */

/* Begin PBXFrameworksBuildPhase section */
		314A3E3B2C2721900066BEFC /* Frameworks */ = {
			isa = PBXFrameworksBuildPhase;
			buildActionMask = 2147483647;
			files = (
			);
			runOnlyForDeploymentPostprocessing = 0;
		};
		314A3E4B2C2721910066BEFC /* Frameworks */ = {
			isa = PBXFrameworksBuildPhase;
			buildActionMask = 2147483647;
			files = (
			);
			runOnlyForDeploymentPostprocessing = 0;
		};
		314A3E552C2721920066BEFC /* Frameworks */ = {
			isa = PBXFrameworksBuildPhase;
			buildActionMask = 2147483647;
			files = (
			);
			runOnlyForDeploymentPostprocessing = 0;
		};
/* End PBXFrameworksBuildPhase section */

/* Begin PBXGroup section */
		314A3E352C2721900066BEFC = {
			isa = PBXGroup;
			children = (
				314A3E402C2721900066BEFC /* sar360 */,
				314A3E512C2721910066BEFC /* sar360Tests */,
				314A3E5B2C2721920066BEFC /* sar360UITests */,
				314A3E3F2C2721900066BEFC /* Products */,
			);
			sourceTree = "<group>";
		};
		314A3E3F2C2721900066BEFC /* Products */ = {
			isa = PBXGroup;
			children = (
				314A3E3E2C2721900066BEFC /* sar360.app */,
				314A3E4E2C2721910066BEFC /* sar360Tests.xctest */,
				314A3E582C2721920066BEFC /* sar360UITests.xctest */,
			);
			name = Products;
			sourceTree = "<group>";
		};
		314A3E402C2721900066BEFC /* sar360 */ = {
			isa = PBXGroup;
			children = (
				314A3E412C2721900066BEFC /* sar360App.swift */,
				314A3E432C2721900066BEFC /* ContentView.swift */,
				314A3E6B2C2734890066BEFC /* LoginView.swift */,
				314A3E712C2BA97A0066BEFC /* WelcomeJoinTeamView.swift */,
				314A3E6F2C2737870066BEFC /* HomeView.swift */,
				314A3E772C2D09C20066BEFC /* SettingsView.swift */,
				314A3E732C2D02E30066BEFC /* TrainingArchiveView.swift */,
				314A3E752C2D02F30066BEFC /* RecordTrainingView.swift */,
				314A3E6D2C2734AA0066BEFC /* CreateAccountView.swift */,
				314A3E452C2721910066BEFC /* Assets.xcassets */,
				314A3E472C2721910066BEFC /* Preview Content */,
			);
			path = sar360;
			sourceTree = "<group>";
		};
		314A3E472C2721910066BEFC /* Preview Content */ = {
			isa = PBXGroup;
			children = (
				314A3E482C2721910066BEFC /* Preview Assets.xcassets */,
			);
			path = "Preview Content";
			sourceTree = "<group>";
		};
		314A3E512C2721910066BEFC /* sar360Tests */ = {
			isa = PBXGroup;
			children = (
				314A3E522C2721910066BEFC /* sar360Tests.swift */,
			);
			path = sar360Tests;
			sourceTree = "<group>";
		};
		314A3E5B2C2721920066BEFC /* sar360UITests */ = {
			isa = PBXGroup;
			children = (
				314A3E5C2C2721920066BEFC /* sar360UITests.swift */,
				314A3E5E2C2721920066BEFC /* sar360UITestsLaunchTests.swift */,
			);
			path = sar360UITests;
			sourceTree = "<group>";
		};
/* End PBXGroup section */

/* Begin PBXNativeTarget section */
		314A3E3D2C2721900066BEFC /* sar360 */ = {
			isa = PBXNativeTarget;
			buildConfigurationList = 314A3E622C2721920066BEFC /* Build configuration list for PBXNativeTarget "sar360" */;
			buildPhases = (
				314A3E3A2C2721900066BEFC /* Sources */,
				314A3E3B2C2721900066BEFC /* Frameworks */,
				314A3E3C2C2721900066BEFC /* Resources */,
			);
			buildRules = (
			);
			dependencies = (
			);
			name = sar360;
			productName = sar360;
			productReference = 314A3E3E2C2721900066BEFC /* sar360.app */;
			productType = "com.apple.product-type.application";
		};
		314A3E4D2C2721910066BEFC /* sar360Tests */ = {
			isa = PBXNativeTarget;
			buildConfigurationList = 314A3E652C2721920066BEFC /* Build configuration list for PBXNativeTarget "sar360Tests" */;
			buildPhases = (
				314A3E4A2C2721910066BEFC /* Sources */,
				314A3E4B2C2721910066BEFC /* Frameworks */,
				314A3E4C2C2721910066BEFC /* Resources */,
			);
			buildRules = (
			);
			dependencies = (
				314A3E502C2721910066BEFC /* PBXTargetDependency */,
			);
			name = sar360Tests;
			productName = sar360Tests;
			productReference = 314A3E4E2C2721910066BEFC /* sar360Tests.xctest */;
			productType = "com.apple.product-type.bundle.unit-test";
		};
		314A3E572C2721920066BEFC /* sar360UITests */ = {
			isa = PBXNativeTarget;
			buildConfigurationList = 314A3E682C2721920066BEFC /* Build configuration list for PBXNativeTarget "sar360UITests" */;
			buildPhases = (
				314A3E542C2721920066BEFC /* Sources */,
				314A3E552C2721920066BEFC /* Frameworks */,
				314A3E562C2721920066BEFC /* Resources */,
			);
			buildRules = (
			);
			dependencies = (
				314A3E5A2C2721920066BEFC /* PBXTargetDependency */,
			);
			name = sar360UITests;
			productName = sar360UITests;
			productReference = 314A3E582C2721920066BEFC /* sar360UITests.xctest */;
			productType = "com.apple.product-type.bundle.ui-testing";
		};
/* End PBXNativeTarget section */

/* Begin PBXProject section */
		314A3E362C2721900066BEFC /* Project object */ = {
			isa = PBXProject;
			attributes = {
				BuildIndependentTargetsInParallel = 1;
				LastSwiftUpdateCheck = 1400;
				LastUpgradeCheck = 1400;
				TargetAttributes = {
					314A3E3D2C2721900066BEFC = {
						CreatedOnToolsVersion = 14.0.1;
					};
					314A3E4D2C2721910066BEFC = {
						CreatedOnToolsVersion = 14.0.1;
						TestTargetID = 314A3E3D2C2721900066BEFC;
					};
					314A3E572C2721920066BEFC = {
						CreatedOnToolsVersion = 14.0.1;
						TestTargetID = 314A3E3D2C2721900066BEFC;
					};
				};
			};
			buildConfigurationList = 314A3E392C2721900066BEFC /* Build configuration list for PBXProject "sar360" */;
			compatibilityVersion = "Xcode 14.0";
			developmentRegion = en;
			hasScannedForEncodings = 0;
			knownRegions = (
				en,
				Base,
			);
			mainGroup = 314A3E352C2721900066BEFC;
			productRefGroup = 314A3E3F2C2721900066BEFC /* Products */;
			projectDirPath = "";
			projectRoot = "";
			targets = (
				314A3E3D2C2721900066BEFC /* sar360 */,
				314A3E4D2C2721910066BEFC /* sar360Tests */,
				314A3E572C2721920066BEFC /* sar360UITests */,
			);
		};
/* End PBXProject section */

/* Begin PBXResourcesBuildPhase section */
		314A3E3C2C2721900066BEFC /* Resources */ = {
			isa = PBXResourcesBuildPhase;
			buildActionMask = 2147483647;
			files = (
				314A3E492C2721910066BEFC /* Preview Assets.xcassets in Resources */,
				314A3E462C2721910066BEFC /* Assets.xcassets in Resources */,
			);
			runOnlyForDeploymentPostprocessing = 0;
		};
		314A3E4C2C2721910066BEFC /* Resources */ = {
			isa = PBXResourcesBuildPhase;
			buildActionMask = 2147483647;
			files = (
			);
			runOnlyForDeploymentPostprocessing = 0;
		};
		314A3E562C2721920066BEFC /* Resources */ = {
			isa = PBXResourcesBuildPhase;
			buildActionMask = 2147483647;
			files = (
			);
			runOnlyForDeploymentPostprocessing = 0;
		};
/* End PBXResourcesBuildPhase section */

/* Begin PBXSourcesBuildPhase section */
		314A3E3A2C2721900066BEFC /* Sources */ = {
			isa = PBXSourcesBuildPhase;
			buildActionMask = 2147483647;
			files = (
				314A3E6C2C2734890066BEFC /* LoginView.swift in Sources */,
				314A3E762C2D02F30066BEFC /* RecordTrainingView.swift in Sources */,
				314A3E442C2721900066BEFC /* ContentView.swift in Sources */,
				314A3E782C2D09C20066BEFC /* SettingsView.swift in Sources */,
				314A3E6E2C2734AA0066BEFC /* CreateAccountView.swift in Sources */,
				314A3E702C2737870066BEFC /* HomeView.swift in Sources */,
				314A3E722C2BA97A0066BEFC /* WelcomeJoinTeamView.swift in Sources */,
				314A3E422C2721900066BEFC /* sar360App.swift in Sources */,
				314A3E742C2D02E40066BEFC /* TrainingArchiveView.swift in Sources */,
			);
			runOnlyForDeploymentPostprocessing = 0;
		};
		314A3E4A2C2721910066BEFC /* Sources */ = {
			isa = PBXSourcesBuildPhase;
			buildActionMask = 2147483647;
			files = (
				314A3E532C2721910066BEFC /* sar360Tests.swift in Sources */,
			);
			runOnlyForDeploymentPostprocessing = 0;
		};
		314A3E542C2721920066BEFC /* Sources */ = {
			isa = PBXSourcesBuildPhase;
			buildActionMask = 2147483647;
			files = (
				314A3E5D2C2721920066BEFC /* sar360UITests.swift in Sources */,
				314A3E5F2C2721920066BEFC /* sar360UITestsLaunchTests.swift in Sources */,
			);
			runOnlyForDeploymentPostprocessing = 0;
		};
/* End PBXSourcesBuildPhase section */

/* Begin PBXTargetDependency section */
		314A3E502C2721910066BEFC /* PBXTargetDependency */ = {
			isa = PBXTargetDependency;
			target = 314A3E3D2C2721900066BEFC /* sar360 */;
			targetProxy = 314A3E4F2C2721910066BEFC /* PBXContainerItemProxy */;
		};
		314A3E5A2C2721920066BEFC /* PBXTargetDependency */ = {
			isa = PBXTargetDependency;
			target = 314A3E3D2C2721900066BEFC /* sar360 */;
			targetProxy = 314A3E592C2721920066BEFC /* PBXContainerItemProxy */;
		};
/* End PBXTargetDependency section */

/* Begin XCBuildConfiguration section */
		314A3E602C2721920066BEFC /* Debug */ = {
			isa = XCBuildConfiguration;
			buildSettings = {
				ALWAYS_SEARCH_USER_PATHS = NO;
				CLANG_ANALYZER_NONNULL = YES;
				CLANG_ANALYZER_NUMBER_OBJECT_CONVERSION = YES_AGGRESSIVE;
				CLANG_CXX_LANGUAGE_STANDARD = "gnu++20";
				CLANG_ENABLE_MODULES = YES;
				CLANG_ENABLE_OBJC_ARC = YES;
				CLANG_ENABLE_OBJC_WEAK = YES;
				CLANG_WARN_BLOCK_CAPTURE_AUTORELEASING = YES;
				CLANG_WARN_BOOL_CONVERSION = YES;
				CLANG_WARN_COMMA = YES;
				CLANG_WARN_CONSTANT_CONVERSION = YES;
				CLANG_WARN_DEPRECATED_OBJC_IMPLEMENTATIONS = YES;
				CLANG_WARN_DIRECT_OBJC_ISA_USAGE = YES_ERROR;
				CLANG_WARN_DOCUMENTATION_COMMENTS = YES;
				CLANG_WARN_EMPTY_BODY = YES;
				CLANG_WARN_ENUM_CONVERSION = YES;
				CLANG_WARN_INFINITE_RECURSION = YES;
				CLANG_WARN_INT_CONVERSION = YES;
				CLANG_WARN_NON_LITERAL_NULL_CONVERSION = YES;
				CLANG_WARN_OBJC_IMPLICIT_RETAIN_SELF = YES;
				CLANG_WARN_OBJC_LITERAL_CONVERSION = YES;
				CLANG_WARN_OBJC_ROOT_CLASS = YES_ERROR;
				CLANG_WARN_QUOTED_INCLUDE_IN_FRAMEWORK_HEADER = YES;
				CLANG_WARN_RANGE_LOOP_ANALYSIS = YES;
				CLANG_WARN_STRICT_PROTOTYPES = YES;
				CLANG_WARN_SUSPICIOUS_MOVE = YES;
				CLANG_WARN_UNGUARDED_AVAILABILITY = YES_AGGRESSIVE;
				CLANG_WARN_UNREACHABLE_CODE = YES;
				CLANG_WARN__DUPLICATE_METHOD_MATCH = YES;
				COPY_PHASE_STRIP = NO;
				DEBUG_INFORMATION_FORMAT = dwarf;
				ENABLE_STRICT_OBJC_MSGSEND = YES;
				ENABLE_TESTABILITY = YES;
				GCC_C_LANGUAGE_STANDARD = gnu11;
				GCC_DYNAMIC_NO_PIC = NO;
				GCC_NO_COMMON_BLOCKS = YES;
				GCC_OPTIMIZATION_LEVEL = 0;
				GCC_PREPROCESSOR_DEFINITIONS = (
					"DEBUG=1",
					"$(inherited)",
				);
				GCC_WARN_64_TO_32_BIT_CONVERSION = YES;
				GCC_WARN_ABOUT_RETURN_TYPE = YES_ERROR;
				GCC_WARN_UNDECLARED_SELECTOR = YES;
				GCC_WARN_UNINITIALIZED_AUTOS = YES_AGGRESSIVE;
				GCC_WARN_UNUSED_FUNCTION = YES;
				GCC_WARN_UNUSED_VARIABLE = YES;
				IPHONEOS_DEPLOYMENT_TARGET = 16.0;
				MTL_ENABLE_DEBUG_INFO = INCLUDE_SOURCE;
				MTL_FAST_MATH = YES;
				ONLY_ACTIVE_ARCH = YES;
				SDKROOT = iphoneos;
				SWIFT_ACTIVE_COMPILATION_CONDITIONS = DEBUG;
				SWIFT_OPTIMIZATION_LEVEL = "-Onone";
			};
			name = Debug;
		};
		314A3E612C2721920066BEFC /* Release */ = {
			isa = XCBuildConfiguration;
			buildSettings = {
				ALWAYS_SEARCH_USER_PATHS = NO;
				CLANG_ANALYZER_NONNULL = YES;
				CLANG_ANALYZER_NUMBER_OBJECT_CONVERSION = YES_AGGRESSIVE;
				CLANG_CXX_LANGUAGE_STANDARD = "gnu++20";
				CLANG_ENABLE_MODULES = YES;
				CLANG_ENABLE_OBJC_ARC = YES;
				CLANG_ENABLE_OBJC_WEAK = YES;
				CLANG_WARN_BLOCK_CAPTURE_AUTORELEASING = YES;
				CLANG_WARN_BOOL_CONVERSION = YES;
				CLANG_WARN_COMMA = YES;
				CLANG_WARN_CONSTANT_CONVERSION = YES;
				CLANG_WARN_DEPRECATED_OBJC_IMPLEMENTATIONS = YES;
				CLANG_WARN_DIRECT_OBJC_ISA_USAGE = YES_ERROR;
				CLANG_WARN_DOCUMENTATION_COMMENTS = YES;
				CLANG_WARN_EMPTY_BODY = YES;
				CLANG_WARN_ENUM_CONVERSION = YES;
				CLANG_WARN_INFINITE_RECURSION = YES;
				CLANG_WARN_INT_CONVERSION = YES;
				CLANG_WARN_NON_LITERAL_NULL_CONVERSION = YES;
				CLANG_WARN_OBJC_IMPLICIT_RETAIN_SELF = YES;
				CLANG_WARN_OBJC_LITERAL_CONVERSION = YES;
				CLANG_WARN_OBJC_ROOT_CLASS = YES_ERROR;
				CLANG_WARN_QUOTED_INCLUDE_IN_FRAMEWORK_HEADER = YES;
				CLANG_WARN_RANGE_LOOP_ANALYSIS = YES;
				CLANG_WARN_STRICT_PROTOTYPES = YES;
				CLANG_WARN_SUSPICIOUS_MOVE = YES;
				CLANG_WARN_UNGUARDED_AVAILABILITY = YES_AGGRESSIVE;
				CLANG_WARN_UNREACHABLE_CODE = YES;
				CLANG_WARN__DUPLICATE_METHOD_MATCH = YES;
				COPY_PHASE_STRIP = NO;
				DEBUG_INFORMATION_FORMAT = "dwarf-with-dsym";
				ENABLE_NS_ASSERTIONS = NO;
				ENABLE_STRICT_OBJC_MSGSEND = YES;
				GCC_C_LANGUAGE_STANDARD = gnu11;
				GCC_NO_COMMON_BLOCKS = YES;
				GCC_WARN_64_TO_32_BIT_CONVERSION = YES;
				GCC_WARN_ABOUT_RETURN_TYPE = YES_ERROR;
				GCC_WARN_UNDECLARED_SELECTOR = YES;
				GCC_WARN_UNINITIALIZED_AUTOS = YES_AGGRESSIVE;
				GCC_WARN_UNUSED_FUNCTION = YES;
				GCC_WARN_UNUSED_VARIABLE = YES;
				IPHONEOS_DEPLOYMENT_TARGET = 16.0;
				MTL_ENABLE_DEBUG_INFO = NO;
				MTL_FAST_MATH = YES;
				SDKROOT = iphoneos;
				SWIFT_COMPILATION_MODE = wholemodule;
				SWIFT_OPTIMIZATION_LEVEL = "-O";
				VALIDATE_PRODUCT = YES;
			};
			name = Release;
		};
		314A3E632C2721920066BEFC /* Debug */ = {
			isa = XCBuildConfiguration;
			buildSettings = {
				ASSETCATALOG_COMPILER_APPICON_NAME = AppIcon;
				ASSETCATALOG_COMPILER_GLOBAL_ACCENT_COLOR_NAME = AccentColor;
				CODE_SIGN_STYLE = Automatic;
				CURRENT_PROJECT_VERSION = 1;
				DEVELOPMENT_ASSET_PATHS = "\"sar360/Preview Content\"";
				DEVELOPMENT_TEAM = 76LV94KCH4;
				ENABLE_PREVIEWS = YES;
				GENERATE_INFOPLIST_FILE = YES;
				INFOPLIST_KEY_CFBundleDisplayName = TimeWarp;
				INFOPLIST_KEY_UIApplicationSceneManifest_Generation = YES;
				INFOPLIST_KEY_UIApplicationSupportsIndirectInputEvents = YES;
				INFOPLIST_KEY_UILaunchScreen_Generation = YES;
				INFOPLIST_KEY_UISupportedInterfaceOrientations_iPad = "UIInterfaceOrientationPortrait UIInterfaceOrientationPortraitUpsideDown UIInterfaceOrientationLandscapeLeft UIInterfaceOrientationLandscapeRight";
				INFOPLIST_KEY_UISupportedInterfaceOrientations_iPhone = "UIInterfaceOrientationPortrait UIInterfaceOrientationLandscapeLeft UIInterfaceOrientationLandscapeRight";
				LD_RUNPATH_SEARCH_PATHS = (
					"$(inherited)",
					"@executable_path/Frameworks",
				);
				MARKETING_VERSION = 1.0;
				PRODUCT_BUNDLE_IDENTIFIER = com.example.whitwam.sar360;
				PRODUCT_NAME = "$(TARGET_NAME)";
				SWIFT_EMIT_LOC_STRINGS = YES;
				SWIFT_VERSION = 5.0;
				TARGETED_DEVICE_FAMILY = "1,2";
			};
			name = Debug;
		};
		314A3E642C2721920066BEFC /* Release */ = {
			isa = XCBuildConfiguration;
			buildSettings = {
				ASSETCATALOG_COMPILER_APPICON_NAME = AppIcon;
				ASSETCATALOG_COMPILER_GLOBAL_ACCENT_COLOR_NAME = AccentColor;
				CODE_SIGN_STYLE = Automatic;
				CURRENT_PROJECT_VERSION = 1;
				DEVELOPMENT_ASSET_PATHS = "\"sar360/Preview Content\"";
				DEVELOPMENT_TEAM = 76LV94KCH4;
				ENABLE_PREVIEWS = YES;
				GENERATE_INFOPLIST_FILE = YES;
				INFOPLIST_KEY_CFBundleDisplayName = TimeWarp;
				INFOPLIST_KEY_UIApplicationSceneManifest_Generation = YES;
				INFOPLIST_KEY_UIApplicationSupportsIndirectInputEvents = YES;
				INFOPLIST_KEY_UILaunchScreen_Generation = YES;
				INFOPLIST_KEY_UISupportedInterfaceOrientations_iPad = "UIInterfaceOrientationPortrait UIInterfaceOrientationPortraitUpsideDown UIInterfaceOrientationLandscapeLeft UIInterfaceOrientationLandscapeRight";
				INFOPLIST_KEY_UISupportedInterfaceOrientations_iPhone = "UIInterfaceOrientationPortrait UIInterfaceOrientationLandscapeLeft UIInterfaceOrientationLandscapeRight";
				LD_RUNPATH_SEARCH_PATHS = (
					"$(inherited)",
					"@executable_path/Frameworks",
				);
				MARKETING_VERSION = 1.0;
				PRODUCT_BUNDLE_IDENTIFIER = com.example.whitwam.sar360;
				PRODUCT_NAME = "$(TARGET_NAME)";
				SWIFT_EMIT_LOC_STRINGS = YES;
				SWIFT_VERSION = 5.0;
				TARGETED_DEVICE_FAMILY = "1,2";
			};
			name = Release;
		};
		314A3E662C2721920066BEFC /* Debug */ = {
			isa = XCBuildConfiguration;
			buildSettings = {
				ALWAYS_EMBED_SWIFT_STANDARD_LIBRARIES = YES;
				BUNDLE_LOADER = "$(TEST_HOST)";
				CODE_SIGN_STYLE = Automatic;
				CURRENT_PROJECT_VERSION = 1;
				DEVELOPMENT_TEAM = 76LV94KCH4;
				GENERATE_INFOPLIST_FILE = YES;
				IPHONEOS_DEPLOYMENT_TARGET = 16.0;
				MARKETING_VERSION = 1.0;
				PRODUCT_BUNDLE_IDENTIFIER = com.example.whitwam.sar360Tests;
				PRODUCT_NAME = "$(TARGET_NAME)";
				SWIFT_EMIT_LOC_STRINGS = NO;
				SWIFT_VERSION = 5.0;
				TARGETED_DEVICE_FAMILY = "1,2";
				TEST_HOST = "$(BUILT_PRODUCTS_DIR)/sar360.app/$(BUNDLE_EXECUTABLE_FOLDER_PATH)/sar360";
			};
			name = Debug;
		};
		314A3E672C2721920066BEFC /* Release */ = {
			isa = XCBuildConfiguration;
			buildSettings = {
				ALWAYS_EMBED_SWIFT_STANDARD_LIBRARIES = YES;
				BUNDLE_LOADER = "$(TEST_HOST)";
				CODE_SIGN_STYLE = Automatic;
				CURRENT_PROJECT_VERSION = 1;
				DEVELOPMENT_TEAM = 76LV94KCH4;
				GENERATE_INFOPLIST_FILE = YES;
				IPHONEOS_DEPLOYMENT_TARGET = 16.0;
				MARKETING_VERSION = 1.0;
				PRODUCT_BUNDLE_IDENTIFIER = com.example.whitwam.sar360Tests;
				PRODUCT_NAME = "$(TARGET_NAME)";
				SWIFT_EMIT_LOC_STRINGS = NO;
				SWIFT_VERSION = 5.0;
				TARGETED_DEVICE_FAMILY = "1,2";
				TEST_HOST = "$(BUILT_PRODUCTS_DIR)/sar360.app/$(BUNDLE_EXECUTABLE_FOLDER_PATH)/sar360";
			};
			name = Release;
		};
		314A3E692C2721920066BEFC /* Debug */ = {
			isa = XCBuildConfiguration;
			buildSettings = {
				ALWAYS_EMBED_SWIFT_STANDARD_LIBRARIES = YES;
				CODE_SIGN_STYLE = Automatic;
				CURRENT_PROJECT_VERSION = 1;
				DEVELOPMENT_TEAM = 76LV94KCH4;
				GENERATE_INFOPLIST_FILE = YES;
				MARKETING_VERSION = 1.0;
				PRODUCT_BUNDLE_IDENTIFIER = com.example.whitwam.sar360UITests;
				PRODUCT_NAME = "$(TARGET_NAME)";
				SWIFT_EMIT_LOC_STRINGS = NO;
				SWIFT_VERSION = 5.0;
				TARGETED_DEVICE_FAMILY = "1,2";
				TEST_TARGET_NAME = sar360;
			};
			name = Debug;
		};
		314A3E6A2C2721920066BEFC /* Release */ = {
			isa = XCBuildConfiguration;
			buildSettings = {
				ALWAYS_EMBED_SWIFT_STANDARD_LIBRARIES = YES;
				CODE_SIGN_STYLE = Automatic;
				CURRENT_PROJECT_VERSION = 1;
				DEVELOPMENT_TEAM = 76LV94KCH4;
				GENERATE_INFOPLIST_FILE = YES;
				MARKETING_VERSION = 1.0;
				PRODUCT_BUNDLE_IDENTIFIER = com.example.whitwam.sar360UITests;
				PRODUCT_NAME = "$(TARGET_NAME)";
				SWIFT_EMIT_LOC_STRINGS = NO;
				SWIFT_VERSION = 5.0;
				TARGETED_DEVICE_FAMILY = "1,2";
				TEST_TARGET_NAME = sar360;
			};
			name = Release;
		};
/* End XCBuildConfiguration section */

/* Begin XCConfigurationList section */
		314A3E392C2721900066BEFC /* Build configuration list for PBXProject "sar360" */ = {
			isa = XCConfigurationList;
			buildConfigurations = (
				314A3E602C2721920066BEFC /* Debug */,
				314A3E612C2721920066BEFC /* Release */,
			);
			defaultConfigurationIsVisible = 0;
			defaultConfigurationName = Release;
		};
		314A3E622C2721920066BEFC /* Build configuration list for PBXNativeTarget "sar360" */ = {
			isa = XCConfigurationList;
			buildConfigurations = (
				314A3E632C2721920066BEFC /* Debug */,
				314A3E642C2721920066BEFC /* Release */,
			);
			defaultConfigurationIsVisible = 0;
			defaultConfigurationName = Release;
		};
		314A3E652C2721920066BEFC /* Build configuration list for PBXNativeTarget "sar360Tests" */ = {
			isa = XCConfigurationList;
			buildConfigurations = (
				314A3E662C2721920066BEFC /* Debug */,
				314A3E672C2721920066BEFC /* Release */,
			);
			defaultConfigurationIsVisible = 0;
			defaultConfigurationName = Release;
		};
		314A3E682C2721920066BEFC /* Build configuration list for PBXNativeTarget "sar360UITests" */ = {
			isa = XCConfigurationList;
			buildConfigurations = (
				314A3E692C2721920066BEFC /* Debug */,
				314A3E6A2C2721920066BEFC /* Release */,
			);
			defaultConfigurationIsVisible = 0;
			defaultConfigurationName = Release;
		};
/* End XCConfigurationList section */
	};
	rootObject = 314A3E362C2721900066BEFC /* Project object */;
}
