// !$*UTF8*$!
{
	archiveVersion = 1;
	classes = {
	};
	objectVersion = 56;
	objects = {

/* Begin PBXBuildFile section */
		3108C55B2C6DA9640066B1EB /* TeamDataView.swift in Sources */ = {isa = PBXBuildFile; fileRef = 3108C55A2C6DA9640066B1EB /* TeamDataView.swift */; };
		3108C55D2C6ED3110066B1EB /* ChangeUserDataView.swift in Sources */ = {isa = PBXBuildFile; fileRef = 3108C55C2C6ED3110066B1EB /* ChangeUserDataView.swift */; };
		3108C55F2C703A2C0066B1EB /* CreateTeamView.swift in Sources */ = {isa = PBXBuildFile; fileRef = 3108C55E2C703A2C0066B1EB /* CreateTeamView.swift */; };
		3108C5662C70533D0066B1EB /* User.swift in Sources */ = {isa = PBXBuildFile; fileRef = 3108C5652C70533D0066B1EB /* User.swift */; };
		3108C5682C70534F0066B1EB /* Team.swift in Sources */ = {isa = PBXBuildFile; fileRef = 3108C5672C70534F0066B1EB /* Team.swift */; };
		3108C56A2C70536C0066B1EB /* TrainingSession.swift in Sources */ = {isa = PBXBuildFile; fileRef = 3108C5692C70536B0066B1EB /* TrainingSession.swift */; };
		3108C56C2C7053B20066B1EB /* LoginViewModel.swift in Sources */ = {isa = PBXBuildFile; fileRef = 3108C56B2C7053B20066B1EB /* LoginViewModel.swift */; };
		3108C56E2C7053DB0066B1EB /* CreateAccountViewModel.swift in Sources */ = {isa = PBXBuildFile; fileRef = 3108C56D2C7053DB0066B1EB /* CreateAccountViewModel.swift */; };
		3108C5702C7056B60066B1EB /* HomeViewModel.swift in Sources */ = {isa = PBXBuildFile; fileRef = 3108C56F2C7056B60066B1EB /* HomeViewModel.swift */; };
		3108C5722C7058A70066B1EB /* ProfileView.swift in Sources */ = {isa = PBXBuildFile; fileRef = 3108C5712C7058A70066B1EB /* ProfileView.swift */; };
		3108C5742C705BCF0066B1EB /* TrainingArchiveViewModel.swift in Sources */ = {isa = PBXBuildFile; fileRef = 3108C5732C705BCF0066B1EB /* TrainingArchiveViewModel.swift */; };
		3108C5762C705C060066B1EB /* RecordTrainingViewModel.swift in Sources */ = {isa = PBXBuildFile; fileRef = 3108C5752C705C060066B1EB /* RecordTrainingViewModel.swift */; };
		3108C5782C705C3E0066B1EB /* ProfileViewModel.swift in Sources */ = {isa = PBXBuildFile; fileRef = 3108C5772C705C3E0066B1EB /* ProfileViewModel.swift */; };
		3108C57A2C727B010066B1EB /* ChangeUserDataViewModel.swift in Sources */ = {isa = PBXBuildFile; fileRef = 3108C5792C727B010066B1EB /* ChangeUserDataViewModel.swift */; };
		311DED932C99D6F200644F92 /* TrainingArchiveItemViewModel.swift in Sources */ = {isa = PBXBuildFile; fileRef = 311DED922C99D6F200644F92 /* TrainingArchiveItemViewModel.swift */; };
		313199F62C758C3500C43ED2 /* CreateTeamViewModel.swift in Sources */ = {isa = PBXBuildFile; fileRef = 313199F52C758C3500C43ED2 /* CreateTeamViewModel.swift */; };
		313199F82C758D7600C43ED2 /* WelcomeTeamViewModel.swift in Sources */ = {isa = PBXBuildFile; fileRef = 313199F72C758D7600C43ED2 /* WelcomeTeamViewModel.swift */; };
		313199FA2C758FF800C43ED2 /* SettingsViewModel.swift in Sources */ = {isa = PBXBuildFile; fileRef = 313199F92C758FF800C43ED2 /* SettingsViewModel.swift */; };
		313199FE2C78391300C43ED2 /* JoinTeamView.swift in Sources */ = {isa = PBXBuildFile; fileRef = 313199FD2C78391300C43ED2 /* JoinTeamView.swift */; };
		31319A002C78392600C43ED2 /* JoinTeamViewModel.swift in Sources */ = {isa = PBXBuildFile; fileRef = 313199FF2C78392600C43ED2 /* JoinTeamViewModel.swift */; };
		31319A022C86935100C43ED2 /* TrainingArchiveItemView.swift in Sources */ = {isa = PBXBuildFile; fileRef = 31319A012C86935100C43ED2 /* TrainingArchiveItemView.swift */; };
		314A3E422C2721900066BEFC /* traininghubApp.swift in Sources */ = {isa = PBXBuildFile; fileRef = 314A3E412C2721900066BEFC /* traininghubApp.swift */; };
		314A3E442C2721900066BEFC /* ContentView.swift in Sources */ = {isa = PBXBuildFile; fileRef = 314A3E432C2721900066BEFC /* ContentView.swift */; };
		314A3E462C2721910066BEFC /* Assets.xcassets in Resources */ = {isa = PBXBuildFile; fileRef = 314A3E452C2721910066BEFC /* Assets.xcassets */; };
		314A3E492C2721910066BEFC /* Preview Assets.xcassets in Resources */ = {isa = PBXBuildFile; fileRef = 314A3E482C2721910066BEFC /* Preview Assets.xcassets */; };
		314A3E532C2721910066BEFC /* traininghubTests.swift in Sources */ = {isa = PBXBuildFile; fileRef = 314A3E522C2721910066BEFC /* traininghubTests.swift */; };
		314A3E5D2C2721920066BEFC /* traininghubUITests.swift in Sources */ = {isa = PBXBuildFile; fileRef = 314A3E5C2C2721920066BEFC /* traininghubUITests.swift */; };
		314A3E5F2C2721920066BEFC /* traininghubUITestsLaunchTests.swift in Sources */ = {isa = PBXBuildFile; fileRef = 314A3E5E2C2721920066BEFC /* traininghubUITestsLaunchTests.swift */; };
		314A3E6C2C2734890066BEFC /* LoginView.swift in Sources */ = {isa = PBXBuildFile; fileRef = 314A3E6B2C2734890066BEFC /* LoginView.swift */; };
		314A3E6E2C2734AA0066BEFC /* CreateAccountView.swift in Sources */ = {isa = PBXBuildFile; fileRef = 314A3E6D2C2734AA0066BEFC /* CreateAccountView.swift */; };
		314A3E702C2737870066BEFC /* HomeView.swift in Sources */ = {isa = PBXBuildFile; fileRef = 314A3E6F2C2737870066BEFC /* HomeView.swift */; };
		314A3E722C2BA97A0066BEFC /* WelcomeJoinTeamView.swift in Sources */ = {isa = PBXBuildFile; fileRef = 314A3E712C2BA97A0066BEFC /* WelcomeJoinTeamView.swift */; };
		314A3E742C2D02E40066BEFC /* TrainingArchiveView.swift in Sources */ = {isa = PBXBuildFile; fileRef = 314A3E732C2D02E30066BEFC /* TrainingArchiveView.swift */; };
		314A3E762C2D02F30066BEFC /* RecordTrainingView.swift in Sources */ = {isa = PBXBuildFile; fileRef = 314A3E752C2D02F30066BEFC /* RecordTrainingView.swift */; };
		314A3E782C2D09C20066BEFC /* SettingsView.swift in Sources */ = {isa = PBXBuildFile; fileRef = 314A3E772C2D09C20066BEFC /* SettingsView.swift */; };
		31CD9B2C2C8A91AA0040C3DD /* GoogleService-Info.plist in Resources */ = {isa = PBXBuildFile; fileRef = 31CD9B2B2C8A91AA0040C3DD /* GoogleService-Info.plist */; };
		31CD9B2D2C8A91AA0040C3DD /* GoogleService-Info.plist in Resources */ = {isa = PBXBuildFile; fileRef = 31CD9B2B2C8A91AA0040C3DD /* GoogleService-Info.plist */; };
		31CD9B2E2C8A91AA0040C3DD /* GoogleService-Info.plist in Resources */ = {isa = PBXBuildFile; fileRef = 31CD9B2B2C8A91AA0040C3DD /* GoogleService-Info.plist */; };
		31CD9B3B2C8A95000040C3DD /* FirebaseAuth in Frameworks */ = {isa = PBXBuildFile; productRef = 31CD9B3A2C8A95000040C3DD /* FirebaseAuth */; };
		31CD9B452C8A95000040C3DD /* FirebaseFirestore in Frameworks */ = {isa = PBXBuildFile; productRef = 31CD9B442C8A95000040C3DD /* FirebaseFirestore */; };
		31CD9B5F2C8D40010040C3DD /* Extensions.swift in Sources */ = {isa = PBXBuildFile; fileRef = 31CD9B5E2C8D40010040C3DD /* Extensions.swift */; };
		31CD9B612C8D445F0040C3DD /* ContentViewModel.swift in Sources */ = {isa = PBXBuildFile; fileRef = 31CD9B602C8D445F0040C3DD /* ContentViewModel.swift */; };
/* End PBXBuildFile section */

/* Begin PBXContainerItemProxy section */
		314A3E4F2C2721910066BEFC /* PBXContainerItemProxy */ = {
			isa = PBXContainerItemProxy;
			containerPortal = 314A3E362C2721900066BEFC /* Project object */;
			proxyType = 1;
			remoteGlobalIDString = 314A3E3D2C2721900066BEFC;
			remoteInfo = sar360;
		};
		314A3E592C2721920066BEFC /* PBXContainerItemProxy */ = {
			isa = PBXContainerItemProxy;
			containerPortal = 314A3E362C2721900066BEFC /* Project object */;
			proxyType = 1;
			remoteGlobalIDString = 314A3E3D2C2721900066BEFC;
			remoteInfo = sar360;
		};
/* End PBXContainerItemProxy section */

/* Begin PBXFileReference section */
		3108C55A2C6DA9640066B1EB /* TeamDataView.swift */ = {isa = PBXFileReference; lastKnownFileType = sourcecode.swift; path = TeamDataView.swift; sourceTree = "<group>"; };
		3108C55C2C6ED3110066B1EB /* ChangeUserDataView.swift */ = {isa = PBXFileReference; lastKnownFileType = sourcecode.swift; path = ChangeUserDataView.swift; sourceTree = "<group>"; };
		3108C55E2C703A2C0066B1EB /* CreateTeamView.swift */ = {isa = PBXFileReference; lastKnownFileType = sourcecode.swift; path = CreateTeamView.swift; sourceTree = "<group>"; };
		3108C5652C70533D0066B1EB /* User.swift */ = {isa = PBXFileReference; lastKnownFileType = sourcecode.swift; path = User.swift; sourceTree = "<group>"; };
		3108C5672C70534F0066B1EB /* Team.swift */ = {isa = PBXFileReference; lastKnownFileType = sourcecode.swift; path = Team.swift; sourceTree = "<group>"; };
		3108C5692C70536B0066B1EB /* TrainingSession.swift */ = {isa = PBXFileReference; lastKnownFileType = sourcecode.swift; path = TrainingSession.swift; sourceTree = "<group>"; };
		3108C56B2C7053B20066B1EB /* LoginViewModel.swift */ = {isa = PBXFileReference; lastKnownFileType = sourcecode.swift; path = LoginViewModel.swift; sourceTree = "<group>"; };
		3108C56D2C7053DB0066B1EB /* CreateAccountViewModel.swift */ = {isa = PBXFileReference; lastKnownFileType = sourcecode.swift; path = CreateAccountViewModel.swift; sourceTree = "<group>"; };
		3108C56F2C7056B60066B1EB /* HomeViewModel.swift */ = {isa = PBXFileReference; lastKnownFileType = sourcecode.swift; path = HomeViewModel.swift; sourceTree = "<group>"; };
		3108C5712C7058A70066B1EB /* ProfileView.swift */ = {isa = PBXFileReference; lastKnownFileType = sourcecode.swift; path = ProfileView.swift; sourceTree = "<group>"; };
		3108C5732C705BCF0066B1EB /* TrainingArchiveViewModel.swift */ = {isa = PBXFileReference; lastKnownFileType = sourcecode.swift; path = TrainingArchiveViewModel.swift; sourceTree = "<group>"; };
		3108C5752C705C060066B1EB /* RecordTrainingViewModel.swift */ = {isa = PBXFileReference; lastKnownFileType = sourcecode.swift; path = RecordTrainingViewModel.swift; sourceTree = "<group>"; };
		3108C5772C705C3E0066B1EB /* ProfileViewModel.swift */ = {isa = PBXFileReference; lastKnownFileType = sourcecode.swift; path = ProfileViewModel.swift; sourceTree = "<group>"; };
		3108C5792C727B010066B1EB /* ChangeUserDataViewModel.swift */ = {isa = PBXFileReference; lastKnownFileType = sourcecode.swift; path = ChangeUserDataViewModel.swift; sourceTree = "<group>"; };
		311DED922C99D6F200644F92 /* TrainingArchiveItemViewModel.swift */ = {isa = PBXFileReference; lastKnownFileType = sourcecode.swift; path = TrainingArchiveItemViewModel.swift; sourceTree = "<group>"; };
		313199F52C758C3500C43ED2 /* CreateTeamViewModel.swift */ = {isa = PBXFileReference; lastKnownFileType = sourcecode.swift; path = CreateTeamViewModel.swift; sourceTree = "<group>"; };
		313199F72C758D7600C43ED2 /* WelcomeTeamViewModel.swift */ = {isa = PBXFileReference; lastKnownFileType = sourcecode.swift; path = WelcomeTeamViewModel.swift; sourceTree = "<group>"; };
		313199F92C758FF800C43ED2 /* SettingsViewModel.swift */ = {isa = PBXFileReference; lastKnownFileType = sourcecode.swift; path = SettingsViewModel.swift; sourceTree = "<group>"; };
		313199FD2C78391300C43ED2 /* JoinTeamView.swift */ = {isa = PBXFileReference; lastKnownFileType = sourcecode.swift; path = JoinTeamView.swift; sourceTree = "<group>"; };
		313199FF2C78392600C43ED2 /* JoinTeamViewModel.swift */ = {isa = PBXFileReference; lastKnownFileType = sourcecode.swift; path = JoinTeamViewModel.swift; sourceTree = "<group>"; };
		31319A012C86935100C43ED2 /* TrainingArchiveItemView.swift */ = {isa = PBXFileReference; lastKnownFileType = sourcecode.swift; path = TrainingArchiveItemView.swift; sourceTree = "<group>"; };
		314A3E3E2C2721900066BEFC /* traininghub.app */ = {isa = PBXFileReference; explicitFileType = wrapper.application; includeInIndex = 0; path = traininghub.app; sourceTree = BUILT_PRODUCTS_DIR; };
		314A3E412C2721900066BEFC /* traininghubApp.swift */ = {isa = PBXFileReference; lastKnownFileType = sourcecode.swift; path = traininghubApp.swift; sourceTree = "<group>"; };
		314A3E432C2721900066BEFC /* ContentView.swift */ = {isa = PBXFileReference; lastKnownFileType = sourcecode.swift; path = ContentView.swift; sourceTree = "<group>"; };
		314A3E452C2721910066BEFC /* Assets.xcassets */ = {isa = PBXFileReference; lastKnownFileType = folder.assetcatalog; path = Assets.xcassets; sourceTree = "<group>"; };
		314A3E482C2721910066BEFC /* Preview Assets.xcassets */ = {isa = PBXFileReference; lastKnownFileType = folder.assetcatalog; path = "Preview Assets.xcassets"; sourceTree = "<group>"; };
		314A3E4E2C2721910066BEFC /* traininghubTests.xctest */ = {isa = PBXFileReference; explicitFileType = wrapper.cfbundle; includeInIndex = 0; path = traininghubTests.xctest; sourceTree = BUILT_PRODUCTS_DIR; };
		314A3E522C2721910066BEFC /* traininghubTests.swift */ = {isa = PBXFileReference; lastKnownFileType = sourcecode.swift; path = traininghubTests.swift; sourceTree = "<group>"; };
		314A3E582C2721920066BEFC /* traininghubUITests.xctest */ = {isa = PBXFileReference; explicitFileType = wrapper.cfbundle; includeInIndex = 0; path = traininghubUITests.xctest; sourceTree = BUILT_PRODUCTS_DIR; };
		314A3E5C2C2721920066BEFC /* traininghubUITests.swift */ = {isa = PBXFileReference; lastKnownFileType = sourcecode.swift; path = traininghubUITests.swift; sourceTree = "<group>"; };
		314A3E5E2C2721920066BEFC /* traininghubUITestsLaunchTests.swift */ = {isa = PBXFileReference; lastKnownFileType = sourcecode.swift; path = traininghubUITestsLaunchTests.swift; sourceTree = "<group>"; };
		314A3E6B2C2734890066BEFC /* LoginView.swift */ = {isa = PBXFileReference; lastKnownFileType = sourcecode.swift; path = LoginView.swift; sourceTree = "<group>"; };
		314A3E6D2C2734AA0066BEFC /* CreateAccountView.swift */ = {isa = PBXFileReference; lastKnownFileType = sourcecode.swift; path = CreateAccountView.swift; sourceTree = "<group>"; };
		314A3E6F2C2737870066BEFC /* HomeView.swift */ = {isa = PBXFileReference; lastKnownFileType = sourcecode.swift; path = HomeView.swift; sourceTree = "<group>"; };
		314A3E712C2BA97A0066BEFC /* WelcomeJoinTeamView.swift */ = {isa = PBXFileReference; lastKnownFileType = sourcecode.swift; path = WelcomeJoinTeamView.swift; sourceTree = "<group>"; };
		314A3E732C2D02E30066BEFC /* TrainingArchiveView.swift */ = {isa = PBXFileReference; lastKnownFileType = sourcecode.swift; path = TrainingArchiveView.swift; sourceTree = "<group>"; };
		314A3E752C2D02F30066BEFC /* RecordTrainingView.swift */ = {isa = PBXFileReference; lastKnownFileType = sourcecode.swift; path = RecordTrainingView.swift; sourceTree = "<group>"; };
		314A3E772C2D09C20066BEFC /* SettingsView.swift */ = {isa = PBXFileReference; lastKnownFileType = sourcecode.swift; path = SettingsView.swift; sourceTree = "<group>"; };
		31CD9B2B2C8A91AA0040C3DD /* GoogleService-Info.plist */ = {isa = PBXFileReference; fileEncoding = 4; lastKnownFileType = text.plist.xml; path = "GoogleService-Info.plist"; sourceTree = "<group>"; };
		31CD9B5E2C8D40010040C3DD /* Extensions.swift */ = {isa = PBXFileReference; lastKnownFileType = sourcecode.swift; path = Extensions.swift; sourceTree = "<group>"; };
		31CD9B602C8D445F0040C3DD /* ContentViewModel.swift */ = {isa = PBXFileReference; lastKnownFileType = sourcecode.swift; path = ContentViewModel.swift; sourceTree = "<group>"; };
/* End PBXFileReference section */

/* Begin PBXFrameworksBuildPhase section */
		314A3E3B2C2721900066BEFC /* Frameworks */ = {
			isa = PBXFrameworksBuildPhase;
			buildActionMask = 2147483647;
			files = (
				31CD9B3B2C8A95000040C3DD /* FirebaseAuth in Frameworks */,
				31CD9B452C8A95000040C3DD /* FirebaseFirestore in Frameworks */,
			);
			runOnlyForDeploymentPostprocessing = 0;
		};
		314A3E4B2C2721910066BEFC /* Frameworks */ = {
			isa = PBXFrameworksBuildPhase;
			buildActionMask = 2147483647;
			files = (
			);
			runOnlyForDeploymentPostprocessing = 0;
		};
		314A3E552C2721920066BEFC /* Frameworks */ = {
			isa = PBXFrameworksBuildPhase;
			buildActionMask = 2147483647;
			files = (
			);
			runOnlyForDeploymentPostprocessing = 0;
		};
/* End PBXFrameworksBuildPhase section */

/* Begin PBXGroup section */
		3108C5602C704F100066B1EB /* Views */ = {
			isa = PBXGroup;
			children = (
				314A3E432C2721900066BEFC /* ContentView.swift */,
				314A3E6B2C2734890066BEFC /* LoginView.swift */,
				314A3E712C2BA97A0066BEFC /* WelcomeJoinTeamView.swift */,
				314A3E6F2C2737870066BEFC /* HomeView.swift */,
				314A3E772C2D09C20066BEFC /* SettingsView.swift */,
				3108C55C2C6ED3110066B1EB /* ChangeUserDataView.swift */,
				3108C55A2C6DA9640066B1EB /* TeamDataView.swift */,
				314A3E752C2D02F30066BEFC /* RecordTrainingView.swift */,
				314A3E732C2D02E30066BEFC /* TrainingArchiveView.swift */,
				31319A012C86935100C43ED2 /* TrainingArchiveItemView.swift */,
				314A3E6D2C2734AA0066BEFC /* CreateAccountView.swift */,
				3108C55E2C703A2C0066B1EB /* CreateTeamView.swift */,
				3108C5712C7058A70066B1EB /* ProfileView.swift */,
				313199FD2C78391300C43ED2 /* JoinTeamView.swift */,
			);
			path = Views;
			sourceTree = "<group>";
		};
		3108C5622C704F390066B1EB /* ViewModels */ = {
			isa = PBXGroup;
			children = (
				3108C56B2C7053B20066B1EB /* LoginViewModel.swift */,
				3108C56D2C7053DB0066B1EB /* CreateAccountViewModel.swift */,
				3108C5772C705C3E0066B1EB /* ProfileViewModel.swift */,
				3108C56F2C7056B60066B1EB /* HomeViewModel.swift */,
				3108C5732C705BCF0066B1EB /* TrainingArchiveViewModel.swift */,
				3108C5752C705C060066B1EB /* RecordTrainingViewModel.swift */,
				3108C5792C727B010066B1EB /* ChangeUserDataViewModel.swift */,
				313199F52C758C3500C43ED2 /* CreateTeamViewModel.swift */,
				313199F72C758D7600C43ED2 /* WelcomeTeamViewModel.swift */,
				313199F92C758FF800C43ED2 /* SettingsViewModel.swift */,
				313199FF2C78392600C43ED2 /* JoinTeamViewModel.swift */,
				31CD9B602C8D445F0040C3DD /* ContentViewModel.swift */,
				311DED922C99D6F200644F92 /* TrainingArchiveItemViewModel.swift */,
			);
			path = ViewModels;
			sourceTree = "<group>";
		};
		3108C5632C704F530066B1EB /* Models */ = {
			isa = PBXGroup;
			children = (
				3108C5652C70533D0066B1EB /* User.swift */,
				3108C5672C70534F0066B1EB /* Team.swift */,
				3108C5692C70536B0066B1EB /* TrainingSession.swift */,
			);
			path = Models;
			sourceTree = "<group>";
		};
		3108C5642C704F7B0066B1EB /* Other */ = {
			isa = PBXGroup;
			children = (
				314A3E412C2721900066BEFC /* traininghubApp.swift */,
				314A3E452C2721910066BEFC /* Assets.xcassets */,
				31CD9B5E2C8D40010040C3DD /* Extensions.swift */,
			);
			path = Other;
			sourceTree = "<group>";
		};
		31319A072C86A31800C43ED2 /* Database */ = {
			isa = PBXGroup;
			children = (
				31CD9B2B2C8A91AA0040C3DD /* GoogleService-Info.plist */,
			);
			path = Database;
			sourceTree = "<group>";
		};
		314A3E352C2721900066BEFC = {
			isa = PBXGroup;
			children = (
				314A3E402C2721900066BEFC /* traininghub */,
				314A3E512C2721910066BEFC /* traininghubTests */,
				314A3E5B2C2721920066BEFC /* traininghubUITests */,
				314A3E3F2C2721900066BEFC /* Products */,
			);
			sourceTree = "<group>";
		};
		314A3E3F2C2721900066BEFC /* Products */ = {
			isa = PBXGroup;
			children = (
				314A3E3E2C2721900066BEFC /* traininghub.app */,
				314A3E4E2C2721910066BEFC /* traininghubTests.xctest */,
				314A3E582C2721920066BEFC /* traininghubUITests.xctest */,
			);
			name = Products;
			sourceTree = "<group>";
		};
		314A3E402C2721900066BEFC /* traininghub */ = {
			isa = PBXGroup;
			children = (
				31319A072C86A31800C43ED2 /* Database */,
				3108C5642C704F7B0066B1EB /* Other */,
				3108C5632C704F530066B1EB /* Models */,
				3108C5622C704F390066B1EB /* ViewModels */,
				3108C5602C704F100066B1EB /* Views */,
				314A3E472C2721910066BEFC /* Preview Content */,
			);
			path = traininghub;
			sourceTree = "<group>";
		};
		314A3E472C2721910066BEFC /* Preview Content */ = {
			isa = PBXGroup;
			children = (
				314A3E482C2721910066BEFC /* Preview Assets.xcassets */,
			);
			path = "Preview Content";
			sourceTree = "<group>";
		};
		314A3E512C2721910066BEFC /* traininghubTests */ = {
			isa = PBXGroup;
			children = (
				314A3E522C2721910066BEFC /* traininghubTests.swift */,
			);
			path = traininghubTests;
			sourceTree = "<group>";
		};
		314A3E5B2C2721920066BEFC /* traininghubUITests */ = {
			isa = PBXGroup;
			children = (
				314A3E5C2C2721920066BEFC /* traininghubUITests.swift */,
				314A3E5E2C2721920066BEFC /* traininghubUITestsLaunchTests.swift */,
			);
			path = traininghubUITests;
			sourceTree = "<group>";
		};
/* End PBXGroup section */

/* Begin PBXNativeTarget section */
		314A3E3D2C2721900066BEFC /* traininghub */ = {
			isa = PBXNativeTarget;
			buildConfigurationList = 314A3E622C2721920066BEFC /* Build configuration list for PBXNativeTarget "traininghub" */;
			buildPhases = (
				314A3E3A2C2721900066BEFC /* Sources */,
				314A3E3B2C2721900066BEFC /* Frameworks */,
				314A3E3C2C2721900066BEFC /* Resources */,
			);
			buildRules = (
			);
			dependencies = (
			);
			name = traininghub;
			packageProductDependencies = (
				31CD9B3A2C8A95000040C3DD /* FirebaseAuth */,
				31CD9B442C8A95000040C3DD /* FirebaseFirestore */,
			);
			productName = sar360;
			productReference = 314A3E3E2C2721900066BEFC /* traininghub.app */;
			productType = "com.apple.product-type.application";
		};
		314A3E4D2C2721910066BEFC /* traininghubTests */ = {
			isa = PBXNativeTarget;
			buildConfigurationList = 314A3E652C2721920066BEFC /* Build configuration list for PBXNativeTarget "traininghubTests" */;
			buildPhases = (
				314A3E4A2C2721910066BEFC /* Sources */,
				314A3E4B2C2721910066BEFC /* Frameworks */,
				314A3E4C2C2721910066BEFC /* Resources */,
			);
			buildRules = (
			);
			dependencies = (
				314A3E502C2721910066BEFC /* PBXTargetDependency */,
			);
			name = traininghubTests;
			productName = sar360Tests;
			productReference = 314A3E4E2C2721910066BEFC /* traininghubTests.xctest */;
			productType = "com.apple.product-type.bundle.unit-test";
		};
		314A3E572C2721920066BEFC /* traininghubUITests */ = {
			isa = PBXNativeTarget;
			buildConfigurationList = 314A3E682C2721920066BEFC /* Build configuration list for PBXNativeTarget "traininghubUITests" */;
			buildPhases = (
				314A3E542C2721920066BEFC /* Sources */,
				314A3E552C2721920066BEFC /* Frameworks */,
				314A3E562C2721920066BEFC /* Resources */,
			);
			buildRules = (
			);
			dependencies = (
				314A3E5A2C2721920066BEFC /* PBXTargetDependency */,
			);
			name = traininghubUITests;
			productName = sar360UITests;
			productReference = 314A3E582C2721920066BEFC /* traininghubUITests.xctest */;
			productType = "com.apple.product-type.bundle.ui-testing";
		};
/* End PBXNativeTarget section */

/* Begin PBXProject section */
		314A3E362C2721900066BEFC /* Project object */ = {
			isa = PBXProject;
			attributes = {
				BuildIndependentTargetsInParallel = 1;
				LastSwiftUpdateCheck = 1400;
				LastUpgradeCheck = 1540;
				TargetAttributes = {
					314A3E3D2C2721900066BEFC = {
						CreatedOnToolsVersion = 14.0.1;
					};
					314A3E4D2C2721910066BEFC = {
						CreatedOnToolsVersion = 14.0.1;
						TestTargetID = 314A3E3D2C2721900066BEFC;
					};
					314A3E572C2721920066BEFC = {
						CreatedOnToolsVersion = 14.0.1;
						TestTargetID = 314A3E3D2C2721900066BEFC;
					};
				};
			};
			buildConfigurationList = 314A3E392C2721900066BEFC /* Build configuration list for PBXProject "traininghub" */;
			compatibilityVersion = "Xcode 14.0";
			developmentRegion = en;
			hasScannedForEncodings = 0;
			knownRegions = (
				en,
				Base,
			);
			mainGroup = 314A3E352C2721900066BEFC;
			packageReferences = (
				31CD9B2F2C8A95000040C3DD /* XCRemoteSwiftPackageReference "firebase-ios-sdk" */,
			);
			productRefGroup = 314A3E3F2C2721900066BEFC /* Products */;
			projectDirPath = "";
			projectRoot = "";
			targets = (
				314A3E3D2C2721900066BEFC /* traininghub */,
				314A3E4D2C2721910066BEFC /* traininghubTests */,
				314A3E572C2721920066BEFC /* traininghubUITests */,
			);
		};
/* End PBXProject section */

/* Begin PBXResourcesBuildPhase section */
		314A3E3C2C2721900066BEFC /* Resources */ = {
			isa = PBXResourcesBuildPhase;
			buildActionMask = 2147483647;
			files = (
				314A3E492C2721910066BEFC /* Preview Assets.xcassets in Resources */,
				314A3E462C2721910066BEFC /* Assets.xcassets in Resources */,
				31CD9B2C2C8A91AA0040C3DD /* GoogleService-Info.plist in Resources */,
			);
			runOnlyForDeploymentPostprocessing = 0;
		};
		314A3E4C2C2721910066BEFC /* Resources */ = {
			isa = PBXResourcesBuildPhase;
			buildActionMask = 2147483647;
			files = (
				31CD9B2D2C8A91AA0040C3DD /* GoogleService-Info.plist in Resources */,
			);
			runOnlyForDeploymentPostprocessing = 0;
		};
		314A3E562C2721920066BEFC /* Resources */ = {
			isa = PBXResourcesBuildPhase;
			buildActionMask = 2147483647;
			files = (
				31CD9B2E2C8A91AA0040C3DD /* GoogleService-Info.plist in Resources */,
			);
			runOnlyForDeploymentPostprocessing = 0;
		};
/* End PBXResourcesBuildPhase section */

/* Begin PBXSourcesBuildPhase section */
		314A3E3A2C2721900066BEFC /* Sources */ = {
			isa = PBXSourcesBuildPhase;
			buildActionMask = 2147483647;
			files = (
				3108C5762C705C060066B1EB /* RecordTrainingViewModel.swift in Sources */,
				3108C5662C70533D0066B1EB /* User.swift in Sources */,
				3108C5702C7056B60066B1EB /* HomeViewModel.swift in Sources */,
				314A3E6C2C2734890066BEFC /* LoginView.swift in Sources */,
				3108C5682C70534F0066B1EB /* Team.swift in Sources */,
				3108C55F2C703A2C0066B1EB /* CreateTeamView.swift in Sources */,
				3108C56C2C7053B20066B1EB /* LoginViewModel.swift in Sources */,
				3108C57A2C727B010066B1EB /* ChangeUserDataViewModel.swift in Sources */,
				314A3E762C2D02F30066BEFC /* RecordTrainingView.swift in Sources */,
				314A3E442C2721900066BEFC /* ContentView.swift in Sources */,
				3108C55B2C6DA9640066B1EB /* TeamDataView.swift in Sources */,
				314A3E782C2D09C20066BEFC /* SettingsView.swift in Sources */,
				3108C56E2C7053DB0066B1EB /* CreateAccountViewModel.swift in Sources */,
				3108C5742C705BCF0066B1EB /* TrainingArchiveViewModel.swift in Sources */,
				311DED932C99D6F200644F92 /* TrainingArchiveItemViewModel.swift in Sources */,
				3108C56A2C70536C0066B1EB /* TrainingSession.swift in Sources */,
				314A3E6E2C2734AA0066BEFC /* CreateAccountView.swift in Sources */,
				313199FE2C78391300C43ED2 /* JoinTeamView.swift in Sources */,
				31319A002C78392600C43ED2 /* JoinTeamViewModel.swift in Sources */,
				31319A022C86935100C43ED2 /* TrainingArchiveItemView.swift in Sources */,
				3108C55D2C6ED3110066B1EB /* ChangeUserDataView.swift in Sources */,
				314A3E702C2737870066BEFC /* HomeView.swift in Sources */,
				314A3E722C2BA97A0066BEFC /* WelcomeJoinTeamView.swift in Sources */,
				313199F62C758C3500C43ED2 /* CreateTeamViewModel.swift in Sources */,
				3108C5782C705C3E0066B1EB /* ProfileViewModel.swift in Sources */,
				31CD9B612C8D445F0040C3DD /* ContentViewModel.swift in Sources */,
				313199FA2C758FF800C43ED2 /* SettingsViewModel.swift in Sources */,
				31CD9B5F2C8D40010040C3DD /* Extensions.swift in Sources */,
				313199F82C758D7600C43ED2 /* WelcomeTeamViewModel.swift in Sources */,
				3108C5722C7058A70066B1EB /* ProfileView.swift in Sources */,
				314A3E422C2721900066BEFC /* traininghubApp.swift in Sources */,
				314A3E742C2D02E40066BEFC /* TrainingArchiveView.swift in Sources */,
			);
			runOnlyForDeploymentPostprocessing = 0;
		};
		314A3E4A2C2721910066BEFC /* Sources */ = {
			isa = PBXSourcesBuildPhase;
			buildActionMask = 2147483647;
			files = (
				314A3E532C2721910066BEFC /* traininghubTests.swift in Sources */,
			);
			runOnlyForDeploymentPostprocessing = 0;
		};
		314A3E542C2721920066BEFC /* Sources */ = {
			isa = PBXSourcesBuildPhase;
			buildActionMask = 2147483647;
			files = (
				314A3E5D2C2721920066BEFC /* traininghubUITests.swift in Sources */,
				314A3E5F2C2721920066BEFC /* traininghubUITestsLaunchTests.swift in Sources */,
			);
			runOnlyForDeploymentPostprocessing = 0;
		};
/* End PBXSourcesBuildPhase section */

/* Begin PBXTargetDependency section */
		314A3E502C2721910066BEFC /* PBXTargetDependency */ = {
			isa = PBXTargetDependency;
			target = 314A3E3D2C2721900066BEFC /* traininghub */;
			targetProxy = 314A3E4F2C2721910066BEFC /* PBXContainerItemProxy */;
		};
		314A3E5A2C2721920066BEFC /* PBXTargetDependency */ = {
			isa = PBXTargetDependency;
			target = 314A3E3D2C2721900066BEFC /* traininghub */;
			targetProxy = 314A3E592C2721920066BEFC /* PBXContainerItemProxy */;
		};
/* End PBXTargetDependency section */

/* Begin XCBuildConfiguration section */
		314A3E602C2721920066BEFC /* Debug */ = {
			isa = XCBuildConfiguration;
			buildSettings = {
				ALWAYS_SEARCH_USER_PATHS = NO;
				CLANG_ANALYZER_NONNULL = YES;
				CLANG_ANALYZER_NUMBER_OBJECT_CONVERSION = YES_AGGRESSIVE;
				CLANG_CXX_LANGUAGE_STANDARD = "gnu++20";
				CLANG_ENABLE_MODULES = YES;
				CLANG_ENABLE_OBJC_ARC = YES;
				CLANG_ENABLE_OBJC_WEAK = YES;
				CLANG_WARN_BLOCK_CAPTURE_AUTORELEASING = YES;
				CLANG_WARN_BOOL_CONVERSION = YES;
				CLANG_WARN_COMMA = YES;
				CLANG_WARN_CONSTANT_CONVERSION = YES;
				CLANG_WARN_DEPRECATED_OBJC_IMPLEMENTATIONS = YES;
				CLANG_WARN_DIRECT_OBJC_ISA_USAGE = YES_ERROR;
				CLANG_WARN_DOCUMENTATION_COMMENTS = YES;
				CLANG_WARN_EMPTY_BODY = YES;
				CLANG_WARN_ENUM_CONVERSION = YES;
				CLANG_WARN_INFINITE_RECURSION = YES;
				CLANG_WARN_INT_CONVERSION = YES;
				CLANG_WARN_NON_LITERAL_NULL_CONVERSION = YES;
				CLANG_WARN_OBJC_IMPLICIT_RETAIN_SELF = YES;
				CLANG_WARN_OBJC_LITERAL_CONVERSION = YES;
				CLANG_WARN_OBJC_ROOT_CLASS = YES_ERROR;
				CLANG_WARN_QUOTED_INCLUDE_IN_FRAMEWORK_HEADER = YES;
				CLANG_WARN_RANGE_LOOP_ANALYSIS = YES;
				CLANG_WARN_STRICT_PROTOTYPES = YES;
				CLANG_WARN_SUSPICIOUS_MOVE = YES;
				CLANG_WARN_UNGUARDED_AVAILABILITY = YES_AGGRESSIVE;
				CLANG_WARN_UNREACHABLE_CODE = YES;
				CLANG_WARN__DUPLICATE_METHOD_MATCH = YES;
				COPY_PHASE_STRIP = NO;
				DEBUG_INFORMATION_FORMAT = dwarf;
				ENABLE_STRICT_OBJC_MSGSEND = YES;
				ENABLE_TESTABILITY = YES;
				ENABLE_USER_SCRIPT_SANDBOXING = YES;
				GCC_C_LANGUAGE_STANDARD = gnu11;
				GCC_DYNAMIC_NO_PIC = NO;
				GCC_NO_COMMON_BLOCKS = YES;
				GCC_OPTIMIZATION_LEVEL = 0;
				GCC_PREPROCESSOR_DEFINITIONS = (
					"DEBUG=1",
					"$(inherited)",
				);
				GCC_WARN_64_TO_32_BIT_CONVERSION = YES;
				GCC_WARN_ABOUT_RETURN_TYPE = YES_ERROR;
				GCC_WARN_UNDECLARED_SELECTOR = YES;
				GCC_WARN_UNINITIALIZED_AUTOS = YES_AGGRESSIVE;
				GCC_WARN_UNUSED_FUNCTION = YES;
				GCC_WARN_UNUSED_VARIABLE = YES;
				IPHONEOS_DEPLOYMENT_TARGET = 16.0;
				MTL_ENABLE_DEBUG_INFO = INCLUDE_SOURCE;
				MTL_FAST_MATH = YES;
				ONLY_ACTIVE_ARCH = YES;
				SDKROOT = iphoneos;
				SWIFT_ACTIVE_COMPILATION_CONDITIONS = DEBUG;
				SWIFT_OPTIMIZATION_LEVEL = "-Onone";
			};
			name = Debug;
		};
		314A3E612C2721920066BEFC /* Release */ = {
			isa = XCBuildConfiguration;
			buildSettings = {
				ALWAYS_SEARCH_USER_PATHS = NO;
				CLANG_ANALYZER_NONNULL = YES;
				CLANG_ANALYZER_NUMBER_OBJECT_CONVERSION = YES_AGGRESSIVE;
				CLANG_CXX_LANGUAGE_STANDARD = "gnu++20";
				CLANG_ENABLE_MODULES = YES;
				CLANG_ENABLE_OBJC_ARC = YES;
				CLANG_ENABLE_OBJC_WEAK = YES;
				CLANG_WARN_BLOCK_CAPTURE_AUTORELEASING = YES;
				CLANG_WARN_BOOL_CONVERSION = YES;
				CLANG_WARN_COMMA = YES;
				CLANG_WARN_CONSTANT_CONVERSION = YES;
				CLANG_WARN_DEPRECATED_OBJC_IMPLEMENTATIONS = YES;
				CLANG_WARN_DIRECT_OBJC_ISA_USAGE = YES_ERROR;
				CLANG_WARN_DOCUMENTATION_COMMENTS = YES;
				CLANG_WARN_EMPTY_BODY = YES;
				CLANG_WARN_ENUM_CONVERSION = YES;
				CLANG_WARN_INFINITE_RECURSION = YES;
				CLANG_WARN_INT_CONVERSION = YES;
				CLANG_WARN_NON_LITERAL_NULL_CONVERSION = YES;
				CLANG_WARN_OBJC_IMPLICIT_RETAIN_SELF = YES;
				CLANG_WARN_OBJC_LITERAL_CONVERSION = YES;
				CLANG_WARN_OBJC_ROOT_CLASS = YES_ERROR;
				CLANG_WARN_QUOTED_INCLUDE_IN_FRAMEWORK_HEADER = YES;
				CLANG_WARN_RANGE_LOOP_ANALYSIS = YES;
				CLANG_WARN_STRICT_PROTOTYPES = YES;
				CLANG_WARN_SUSPICIOUS_MOVE = YES;
				CLANG_WARN_UNGUARDED_AVAILABILITY = YES_AGGRESSIVE;
				CLANG_WARN_UNREACHABLE_CODE = YES;
				CLANG_WARN__DUPLICATE_METHOD_MATCH = YES;
				COPY_PHASE_STRIP = NO;
				DEBUG_INFORMATION_FORMAT = "dwarf-with-dsym";
				ENABLE_NS_ASSERTIONS = NO;
				ENABLE_STRICT_OBJC_MSGSEND = YES;
				ENABLE_USER_SCRIPT_SANDBOXING = YES;
				GCC_C_LANGUAGE_STANDARD = gnu11;
				GCC_NO_COMMON_BLOCKS = YES;
				GCC_WARN_64_TO_32_BIT_CONVERSION = YES;
				GCC_WARN_ABOUT_RETURN_TYPE = YES_ERROR;
				GCC_WARN_UNDECLARED_SELECTOR = YES;
				GCC_WARN_UNINITIALIZED_AUTOS = YES_AGGRESSIVE;
				GCC_WARN_UNUSED_FUNCTION = YES;
				GCC_WARN_UNUSED_VARIABLE = YES;
				IPHONEOS_DEPLOYMENT_TARGET = 16.0;
				MTL_ENABLE_DEBUG_INFO = NO;
				MTL_FAST_MATH = YES;
				SDKROOT = iphoneos;
				SWIFT_COMPILATION_MODE = wholemodule;
				SWIFT_OPTIMIZATION_LEVEL = "-O";
				VALIDATE_PRODUCT = YES;
			};
			name = Release;
		};
		314A3E632C2721920066BEFC /* Debug */ = {
			isa = XCBuildConfiguration;
			buildSettings = {
				ASSETCATALOG_COMPILER_APPICON_NAME = AppIcon;
				ASSETCATALOG_COMPILER_GLOBAL_ACCENT_COLOR_NAME = AccentColor;
				CODE_SIGN_STYLE = Automatic;
				CURRENT_PROJECT_VERSION = 1;
				DEVELOPMENT_ASSET_PATHS = "\"traininghub/Preview Content\"";
				DEVELOPMENT_TEAM = 76LV94KCH4;
				ENABLE_PREVIEWS = YES;
				GENERATE_INFOPLIST_FILE = YES;
				INFOPLIST_KEY_CFBundleDisplayName = TrainingHub;
				INFOPLIST_KEY_UIApplicationSceneManifest_Generation = YES;
				INFOPLIST_KEY_UIApplicationSupportsIndirectInputEvents = YES;
				INFOPLIST_KEY_UILaunchScreen_Generation = YES;
				INFOPLIST_KEY_UISupportedInterfaceOrientations = UIInterfaceOrientationPortrait;
				LD_RUNPATH_SEARCH_PATHS = (
					"$(inherited)",
					"@executable_path/Frameworks",
				);
				MARKETING_VERSION = 1.0;
				PRODUCT_BUNDLE_IDENTIFIER = com.whitwamsolutions.traininghub;
				PRODUCT_NAME = "$(TARGET_NAME)";
				SWIFT_EMIT_LOC_STRINGS = YES;
				SWIFT_VERSION = 5.0;
				TARGETED_DEVICE_FAMILY = "1,2";
			};
			name = Debug;
		};
		314A3E642C2721920066BEFC /* Release */ = {
			isa = XCBuildConfiguration;
			buildSettings = {
				ASSETCATALOG_COMPILER_APPICON_NAME = AppIcon;
				ASSETCATALOG_COMPILER_GLOBAL_ACCENT_COLOR_NAME = AccentColor;
				CODE_SIGN_STYLE = Automatic;
				CURRENT_PROJECT_VERSION = 1;
				DEVELOPMENT_ASSET_PATHS = "\"traininghub/Preview Content\"";
				DEVELOPMENT_TEAM = 76LV94KCH4;
				ENABLE_PREVIEWS = YES;
				GENERATE_INFOPLIST_FILE = YES;
				INFOPLIST_KEY_CFBundleDisplayName = TrainingHub;
				INFOPLIST_KEY_UIApplicationSceneManifest_Generation = YES;
				INFOPLIST_KEY_UIApplicationSupportsIndirectInputEvents = YES;
				INFOPLIST_KEY_UILaunchScreen_Generation = YES;
				INFOPLIST_KEY_UISupportedInterfaceOrientations = UIInterfaceOrientationPortrait;
				LD_RUNPATH_SEARCH_PATHS = (
					"$(inherited)",
					"@executable_path/Frameworks",
				);
				MARKETING_VERSION = 1.0;
				PRODUCT_BUNDLE_IDENTIFIER = com.whitwamsolutions.traininghub;
				PRODUCT_NAME = "$(TARGET_NAME)";
				SWIFT_EMIT_LOC_STRINGS = YES;
				SWIFT_VERSION = 5.0;
				TARGETED_DEVICE_FAMILY = "1,2";
			};
			name = Release;
		};
		314A3E662C2721920066BEFC /* Debug */ = {
			isa = XCBuildConfiguration;
			buildSettings = {
				ALWAYS_EMBED_SWIFT_STANDARD_LIBRARIES = YES;
				BUNDLE_LOADER = "$(TEST_HOST)";
				CODE_SIGN_STYLE = Automatic;
				CURRENT_PROJECT_VERSION = 1;
				DEVELOPMENT_TEAM = 76LV94KCH4;
				GENERATE_INFOPLIST_FILE = YES;
				IPHONEOS_DEPLOYMENT_TARGET = 16.0;
				MARKETING_VERSION = 1.0;
				PRODUCT_BUNDLE_IDENTIFIER = com.whitwamsolutions.traininghubTests;
				PRODUCT_NAME = "$(TARGET_NAME)";
				SWIFT_EMIT_LOC_STRINGS = NO;
				SWIFT_VERSION = 5.0;
				TARGETED_DEVICE_FAMILY = "1,2";
				TEST_HOST = "$(BUILT_PRODUCTS_DIR)/traininghub.app/$(BUNDLE_EXECUTABLE_FOLDER_PATH)/traininghub";
			};
			name = Debug;
		};
		314A3E672C2721920066BEFC /* Release */ = {
			isa = XCBuildConfiguration;
			buildSettings = {
				ALWAYS_EMBED_SWIFT_STANDARD_LIBRARIES = YES;
				BUNDLE_LOADER = "$(TEST_HOST)";
				CODE_SIGN_STYLE = Automatic;
				CURRENT_PROJECT_VERSION = 1;
				DEVELOPMENT_TEAM = 76LV94KCH4;
				GENERATE_INFOPLIST_FILE = YES;
				IPHONEOS_DEPLOYMENT_TARGET = 16.0;
				MARKETING_VERSION = 1.0;
				PRODUCT_BUNDLE_IDENTIFIER = com.whitwamsolutions.traininghubTests;
				PRODUCT_NAME = "$(TARGET_NAME)";
				SWIFT_EMIT_LOC_STRINGS = NO;
				SWIFT_VERSION = 5.0;
				TARGETED_DEVICE_FAMILY = "1,2";
				TEST_HOST = "$(BUILT_PRODUCTS_DIR)/traininghub.app/$(BUNDLE_EXECUTABLE_FOLDER_PATH)/traininghub";
			};
			name = Release;
		};
		314A3E692C2721920066BEFC /* Debug */ = {
			isa = XCBuildConfiguration;
			buildSettings = {
				ALWAYS_EMBED_SWIFT_STANDARD_LIBRARIES = YES;
				CODE_SIGN_STYLE = Automatic;
				CURRENT_PROJECT_VERSION = 1;
				DEVELOPMENT_TEAM = 76LV94KCH4;
				GENERATE_INFOPLIST_FILE = YES;
				MARKETING_VERSION = 1.0;
				PRODUCT_BUNDLE_IDENTIFIER = com.whitwamsolutions.traininghubUITests;
				PRODUCT_NAME = "$(TARGET_NAME)";
				SWIFT_EMIT_LOC_STRINGS = NO;
				SWIFT_VERSION = 5.0;
				TARGETED_DEVICE_FAMILY = "1,2";
				TEST_TARGET_NAME = sar360;
			};
			name = Debug;
		};
		314A3E6A2C2721920066BEFC /* Release */ = {
			isa = XCBuildConfiguration;
			buildSettings = {
				ALWAYS_EMBED_SWIFT_STANDARD_LIBRARIES = YES;
				CODE_SIGN_STYLE = Automatic;
				CURRENT_PROJECT_VERSION = 1;
				DEVELOPMENT_TEAM = 76LV94KCH4;
				GENERATE_INFOPLIST_FILE = YES;
				MARKETING_VERSION = 1.0;
				PRODUCT_BUNDLE_IDENTIFIER = com.whitwamsolutions.traininghubUITests;
				PRODUCT_NAME = "$(TARGET_NAME)";
				SWIFT_EMIT_LOC_STRINGS = NO;
				SWIFT_VERSION = 5.0;
				TARGETED_DEVICE_FAMILY = "1,2";
				TEST_TARGET_NAME = sar360;
			};
			name = Release;
		};
/* End XCBuildConfiguration section */

/* Begin XCConfigurationList section */
		314A3E392C2721900066BEFC /* Build configuration list for PBXProject "traininghub" */ = {
			isa = XCConfigurationList;
			buildConfigurations = (
				314A3E602C2721920066BEFC /* Debug */,
				314A3E612C2721920066BEFC /* Release */,
			);
			defaultConfigurationIsVisible = 0;
			defaultConfigurationName = Release;
		};
		314A3E622C2721920066BEFC /* Build configuration list for PBXNativeTarget "traininghub" */ = {
			isa = XCConfigurationList;
			buildConfigurations = (
				314A3E632C2721920066BEFC /* Debug */,
				314A3E642C2721920066BEFC /* Release */,
			);
			defaultConfigurationIsVisible = 0;
			defaultConfigurationName = Release;
		};
		314A3E652C2721920066BEFC /* Build configuration list for PBXNativeTarget "traininghubTests" */ = {
			isa = XCConfigurationList;
			buildConfigurations = (
				314A3E662C2721920066BEFC /* Debug */,
				314A3E672C2721920066BEFC /* Release */,
			);
			defaultConfigurationIsVisible = 0;
			defaultConfigurationName = Release;
		};
		314A3E682C2721920066BEFC /* Build configuration list for PBXNativeTarget "traininghubUITests" */ = {
			isa = XCConfigurationList;
			buildConfigurations = (
				314A3E692C2721920066BEFC /* Debug */,
				314A3E6A2C2721920066BEFC /* Release */,
			);
			defaultConfigurationIsVisible = 0;
			defaultConfigurationName = Release;
		};
/* End XCConfigurationList section */

/* Begin XCRemoteSwiftPackageReference section */
		31CD9B2F2C8A95000040C3DD /* XCRemoteSwiftPackageReference "firebase-ios-sdk" */ = {
			isa = XCRemoteSwiftPackageReference;
			repositoryURL = "https://github.com/firebase/firebase-ios-sdk";
			requirement = {
				kind = upToNextMajorVersion;
				minimumVersion = 11.1.0;
			};
		};
/* End XCRemoteSwiftPackageReference section */

/* Begin XCSwiftPackageProductDependency section */
		31CD9B3A2C8A95000040C3DD /* FirebaseAuth */ = {
			isa = XCSwiftPackageProductDependency;
			package = 31CD9B2F2C8A95000040C3DD /* XCRemoteSwiftPackageReference "firebase-ios-sdk" */;
			productName = FirebaseAuth;
		};
		31CD9B442C8A95000040C3DD /* FirebaseFirestore */ = {
			isa = XCSwiftPackageProductDependency;
			package = 31CD9B2F2C8A95000040C3DD /* XCRemoteSwiftPackageReference "firebase-ios-sdk" */;
			productName = FirebaseFirestore;
		};
/* End XCSwiftPackageProductDependency section */
	};
	rootObject = 314A3E362C2721900066BEFC /* Project object */;
}
